
Microsoft Visual Studio Solution File, Format Version 12.00
# Visual Studio Version 17
VisualStudioVersion = 17.6.33723.286
MinimumVisualStudioVersion = 10.0.40219.1
Project("{9A19103F-16F7-4668-BE54-9A1E7A4F7556}") = "discord-bot", "discord-bot.csproj", "{F7164563-A87E-4C2E-BA7E-994D1EBECA11}"
EndProject
Global
	GlobalSection(SolutionConfigurationPlatforms) = preSolution
		Debug|Any CPU = Debug|Any CPU
		Release|Any CPU = Release|Any CPU
	EndGlobalSection
	GlobalSection(ProjectConfigurationPlatforms) = postSolution
		{F7164563-A87E-4C2E-BA7E-994D1EBECA11}.Debug|Any CPU.ActiveCfg = Debug|Any CPU
		{F7164563-A87E-4C2E-BA7E-994D1EBECA11}.Debug|Any CPU.Build.0 = Debug|Any CPU
		{F7164563-A87E-4C2E-BA7E-994D1EBECA11}.Release|Any CPU.ActiveCfg = Release|Any CPU
		{F7164563-A87E-4C2E-BA7E-994D1EBECA11}.Release|Any CPU.Build.0 = Release|Any CPU
	EndGlobalSection
	GlobalSection(SolutionProperties) = preSolution
		HideSolutionNode = FALSE
	EndGlobalSection
	GlobalSection(ExtensibilityGlobals) = postSolution
		SolutionGuid = {B14DA0F7-098B-4491-A49D-4A2B0FD9918F}
	EndGlobalSection
EndGlobal
